
Microsoft Visual Studio Solution File, Format Version 12.00
# Visual Studio Version 16
VisualStudioVersion = 16.0.29905.134
MinimumVisualStudioVersion = 10.0.40219.1
Project("{FAE04EC0-301F-11D3-BF4B-00C04F79EFBC}") = "EverestAlbumLibrary", "EverestAlbumLibrary.csproj", "{9FB12A9B-0AA0-48C6-84A9-7B6F374D88EA}"
EndProject
Global
	GlobalSection(SolutionConfigurationPlatforms) = preSolution
		Debug|Any CPU = Debug|Any CPU
		Release|Any CPU = Release|Any CPU
	EndGlobalSection
	GlobalSection(ProjectConfigurationPlatforms) = postSolution
		{9FB12A9B-0AA0-48C6-84A9-7B6F374D88EA}.Debug|Any CPU.ActiveCfg = Debug|Any CPU
		{9FB12A9B-0AA0-48C6-84A9-7B6F374D88EA}.Debug|Any CPU.Build.0 = Debug|Any CPU
		{9FB12A9B-0AA0-48C6-84A9-7B6F374D88EA}.Release|Any CPU.ActiveCfg = Release|Any CPU
		{9FB12A9B-0AA0-48C6-84A9-7B6F374D88EA}.Release|Any CPU.Build.0 = Release|Any CPU
	EndGlobalSection
	GlobalSection(SolutionProperties) = preSolution
		HideSolutionNode = FALSE
	EndGlobalSection
	GlobalSection(ExtensibilityGlobals) = postSolution
		SolutionGuid = {8D4C4F08-3C33-40CC-A881-35EF2015F05C}
	EndGlobalSection
EndGlobal
